
Microsoft Visual Studio Solution File, Format Version 12.00
# Visual Studio Version 17
VisualStudioVersion = 17.14.36414.22 d17.14
MinimumVisualStudioVersion = 10.0.40219.1
Project("{FAE04EC0-301F-11D3-BF4B-00C04F79EFBC}") = "DollarToPesoYen", "DollarToPesoYen\DollarToPesoYen.csproj", "{847532C4-9E62-4EEB-B9FE-37CAE141B4EA}"
EndProject
Global
	GlobalSection(SolutionConfigurationPlatforms) = preSolution
		Debug|Any CPU = Debug|Any CPU
		Release|Any CPU = Release|Any CPU
	EndGlobalSection
	GlobalSection(ProjectConfigurationPlatforms) = postSolution
		{847532C4-9E62-4EEB-B9FE-37CAE141B4EA}.Debug|Any CPU.ActiveCfg = Debug|Any CPU
		{847532C4-9E62-4EEB-B9FE-37CAE141B4EA}.Debug|Any CPU.Build.0 = Debug|Any CPU
		{847532C4-9E62-4EEB-B9FE-37CAE141B4EA}.Release|Any CPU.ActiveCfg = Release|Any CPU
		{847532C4-9E62-4EEB-B9FE-37CAE141B4EA}.Release|Any CPU.Build.0 = Release|Any CPU
	EndGlobalSection
	GlobalSection(SolutionProperties) = preSolution
		HideSolutionNode = FALSE
	EndGlobalSection
	GlobalSection(ExtensibilityGlobals) = postSolution
		SolutionGuid = {46CC3598-63FB-4F7F-86F5-8D4B92F82066}
	EndGlobalSection
EndGlobal
